{
  "nodes": {
    "nixpkgs": {
      "locked": {
        "lastModified": 1771648058,
        "narHash": "sha256-Gw8jXVDZr7/X9mx6DwUMxTDYWIpta5Mb8oQBkhPur+g=",
        "owner": "NixOS",
        "repo": "nixpkgs",
        "rev": "fef5f9900448b65d254ab378d6b107e9dec4dd56",
        "type": "github"
      },
      "original": {
        "owner": "NixOS",
        "ref": "nixpkgs-25.11-darwin",
        "repo": "nixpkgs",
        "type": "github"
      }
    },
    "root": {
      "inputs": {
        "nixpkgs": "nixpkgs"
      }
    }
  },
  "root": "root",
  "version": 7
}
